
Microsoft Visual Studio Solution File, Format Version 12.00
# Visual Studio Version 17
VisualStudioVersion = 17.9.34728.123
MinimumVisualStudioVersion = 10.0.40219.1
Project("{FAE04EC0-301F-11D3-BF4B-00C04F79EFBC}") = "StudyCrudAPI", "StudyCrudAPI\StudyCrudAPI.csproj", "{210B9AA0-F26F-4AA9-9570-4E4C597800E7}"
EndProject
Global
	GlobalSection(SolutionConfigurationPlatforms) = preSolution
		Debug|Any CPU = Debug|Any CPU
		Release|Any CPU = Release|Any CPU
	EndGlobalSection
	GlobalSection(ProjectConfigurationPlatforms) = postSolution
		{210B9AA0-F26F-4AA9-9570-4E4C597800E7}.Debug|Any CPU.ActiveCfg = Debug|Any CPU
		{210B9AA0-F26F-4AA9-9570-4E4C597800E7}.Debug|Any CPU.Build.0 = Debug|Any CPU
		{210B9AA0-F26F-4AA9-9570-4E4C597800E7}.Release|Any CPU.ActiveCfg = Release|Any CPU
		{210B9AA0-F26F-4AA9-9570-4E4C597800E7}.Release|Any CPU.Build.0 = Release|Any CPU
	EndGlobalSection
	GlobalSection(SolutionProperties) = preSolution
		HideSolutionNode = FALSE
	EndGlobalSection
	GlobalSection(ExtensibilityGlobals) = postSolution
		SolutionGuid = {0521F1AB-52A9-4D06-867E-0DEB96764CEB}
	EndGlobalSection
EndGlobal
